
Microsoft Visual Studio Solution File, Format Version 12.00
# Visual Studio 2013
VisualStudioVersion = 12.0.30501.0
MinimumVisualStudioVersion = 10.0.40219.1
Project("{8BC9CEB8-8B4A-11D0-8D11-00A0C91BC942}") = "C作业", "C作业\C作业.vcxproj", "{4E997650-CF0D-4C2E-9840-3A5D848D4FDA}"
EndProject
Global
	GlobalSection(SolutionConfigurationPlatforms) = preSolution
		Debug|Win32 = Debug|Win32
		Release|Win32 = Release|Win32
	EndGlobalSection
	GlobalSection(ProjectConfigurationPlatforms) = postSolution
		{4E997650-CF0D-4C2E-9840-3A5D848D4FDA}.Debug|Win32.ActiveCfg = Debug|Win32
		{4E997650-CF0D-4C2E-9840-3A5D848D4FDA}.Debug|Win32.Build.0 = Debug|Win32
		{4E997650-CF0D-4C2E-9840-3A5D848D4FDA}.Release|Win32.ActiveCfg = Release|Win32
		{4E997650-CF0D-4C2E-9840-3A5D848D4FDA}.Release|Win32.Build.0 = Release|Win32
	EndGlobalSection
	GlobalSection(SolutionProperties) = preSolution
		HideSolutionNode = FALSE
	EndGlobalSection
EndGlobal
